// !$*UTF8*$!
{
	archiveVersion = 1;
	classes = {
	};
	objectVersion = 46;
	objects = {

/* Begin PBXBuildFile section */
		407A10860F4D7B4F679B72CE /* libPods.a in Frameworks */ = {isa = PBXBuildFile; fileRef = A44D8D9CE1E4323107188D46 /* libPods.a */; };
		630E54ED1CC4A3DE00D06B6C /* SettingsTableViewCell.swift in Sources */ = {isa = PBXBuildFile; fileRef = 630E54EC1CC4A3DE00D06B6C /* SettingsTableViewCell.swift */; };
		636E32E11CCBF7A0006D2936 /* callbutton@2x.png in Resources */ = {isa = PBXBuildFile; fileRef = 636E32E01CCBF7A0006D2936 /* callbutton@2x.png */; };
		636E32E51CCC0039006D2936 /* settingsbutton@2x.png in Resources */ = {isa = PBXBuildFile; fileRef = 636E32E21CCC0039006D2936 /* settingsbutton@2x.png */; };
		636E32E61CCC0039006D2936 /* musicbutton@2x.png in Resources */ = {isa = PBXBuildFile; fileRef = 636E32E31CCC0039006D2936 /* musicbutton@2x.png */; };
		636E32E71CCC0039006D2936 /* textbutton@2x.png in Resources */ = {isa = PBXBuildFile; fileRef = 636E32E41CCC0039006D2936 /* textbutton@2x.png */; };
		63DCE70A1CC72B1400925DF6 /* FirstViewController.swift in Sources */ = {isa = PBXBuildFile; fileRef = 63DCE7091CC72B1400925DF6 /* FirstViewController.swift */; };
		63DE4E051CC5EFB2002280BA /* radiobutton-unselected@2x.png in Resources */ = {isa = PBXBuildFile; fileRef = 63DE4E041CC5EFB2002280BA /* radiobutton-unselected@2x.png */; };
		63DE4E071CC5F727002280BA /* SettingsTableViewController.swift in Sources */ = {isa = PBXBuildFile; fileRef = 63DE4E061CC5F727002280BA /* SettingsTableViewController.swift */; };
		63DE4E091CC5FEE6002280BA /* Lato-Regular.ttf in Resources */ = {isa = PBXBuildFile; fileRef = 63DE4E081CC5FEE6002280BA /* Lato-Regular.ttf */; };
		63DE4E0B1CC6F3D4002280BA /* SettingsHeaderTableViewCell.swift in Sources */ = {isa = PBXBuildFile; fileRef = 63DE4E0A1CC6F3D4002280BA /* SettingsHeaderTableViewCell.swift */; };
		63DE4E0D1CC70844002280BA /* radiobutton-selected@2x.png in Resources */ = {isa = PBXBuildFile; fileRef = 63DE4E0C1CC70844002280BA /* radiobutton-selected@2x.png */; };
		74131C471C7FD83A00CBB5F4 /* cargi-padding.png in Resources */ = {isa = PBXBuildFile; fileRef = 74131C461C7FD83A00CBB5F4 /* cargi-padding.png */; };
		74131C491C7FDA3500CBB5F4 /* NavigationViewController.swift in Sources */ = {isa = PBXBuildFile; fileRef = 74131C481C7FDA3500CBB5F4 /* NavigationViewController.swift */; };
		7417B5481C868A70005357CB /* ContactDirectory.swift in Sources */ = {isa = PBXBuildFile; fileRef = 7417B5471C868A70005357CB /* ContactDirectory.swift */; };
		741CE3791C8D55BF003017CA /* LocationGeocoder.swift in Sources */ = {isa = PBXBuildFile; fileRef = 741CE3781C8D55BF003017CA /* LocationGeocoder.swift */; };
		747391691CB2267200BE3E78 /* DistanceMatrixTasks.swift in Sources */ = {isa = PBXBuildFile; fileRef = 747391681CB2267200BE3E78 /* DistanceMatrixTasks.swift */; };
		747425B61C7FE642006D5F75 /* cargi-square (1).png in Resources */ = {isa = PBXBuildFile; fileRef = 747425B51C7FE642006D5F75 /* cargi-square (1).png */; };
		74962D6E1CD34C090078883B /* refreshbutton@2x.png in Resources */ = {isa = PBXBuildFile; fileRef = 74962D6D1CD34C090078883B /* refreshbutton@2x.png */; };
		74962D701CD34C730078883B /* gasmarker@2x.png in Resources */ = {isa = PBXBuildFile; fileRef = 74962D6F1CD34C730078883B /* gasmarker@2x.png */; };
		74962D721CD34CF50078883B /* gasbutton@2x.png in Resources */ = {isa = PBXBuildFile; fileRef = 74962D711CD34CF50078883B /* gasbutton@2x.png */; };
		74A2E5F71C7FCBC800C468CC /* AppDelegate.swift in Sources */ = {isa = PBXBuildFile; fileRef = 74A2E5F61C7FCBC800C468CC /* AppDelegate.swift */; };
		74A2E5FC1C7FCBC800C468CC /* Main.storyboard in Resources */ = {isa = PBXBuildFile; fileRef = 74A2E5FA1C7FCBC800C468CC /* Main.storyboard */; };
		74A2E5FE1C7FCBC800C468CC /* Assets.xcassets in Resources */ = {isa = PBXBuildFile; fileRef = 74A2E5FD1C7FCBC800C468CC /* Assets.xcassets */; };
		74A2E6011C7FCBC800C468CC /* LaunchScreen.storyboard in Resources */ = {isa = PBXBuildFile; fileRef = 74A2E5FF1C7FCBC800C468CC /* LaunchScreen.storyboard */; };
		74A2E6091C7FCD6F00C468CC /* Podfile in Resources */ = {isa = PBXBuildFile; fileRef = 74A2E6081C7FCD6F00C468CC /* Podfile */; };
		74A3D8EC1C9127020053D816 /* calendar-icon@2x.png in Resources */ = {isa = PBXBuildFile; fileRef = 74A3D8E51C9127020053D816 /* calendar-icon@2x.png */; };
		74A3D8ED1C9127020053D816 /* call-button@2x.png in Resources */ = {isa = PBXBuildFile; fileRef = 74A3D8E61C9127020053D816 /* call-button@2x.png */; };
		74A3D8EE1C9127020053D816 /* close-button-dark@2x.png in Resources */ = {isa = PBXBuildFile; fileRef = 74A3D8E71C9127020053D816 /* close-button-dark@2x.png */; };
		74A3D8EF1C9127020053D816 /* close-button-light@2x.png in Resources */ = {isa = PBXBuildFile; fileRef = 74A3D8E81C9127020053D816 /* close-button-light@2x.png */; };
		74A3D8F01C9127020053D816 /* gas-button@2x.png in Resources */ = {isa = PBXBuildFile; fileRef = 74A3D8E91C9127020053D816 /* gas-button@2x.png */; };
		74A3D8F11C9127020053D816 /* music-button@2x.png in Resources */ = {isa = PBXBuildFile; fileRef = 74A3D8EA1C9127020053D816 /* music-button@2x.png */; };
		74A3D8F21C9127020053D816 /* text-button@2x.png in Resources */ = {isa = PBXBuildFile; fileRef = 74A3D8EB1C9127020053D816 /* text-button@2x.png */; };
		74A3D8F41C91523D0053D816 /* launchimage@2x.png in Resources */ = {isa = PBXBuildFile; fileRef = 74A3D8F31C91523D0053D816 /* launchimage@2x.png */; };
		74B7830D1C9EDBD7003E0391 /* DirectionTasks.swift in Sources */ = {isa = PBXBuildFile; fileRef = 74B7830C1C9EDBD7003E0391 /* DirectionTasks.swift */; };
		74B7830F1C9F07DB003E0391 /* destination_icon@2x.png in Resources */ = {isa = PBXBuildFile; fileRef = 74B7830E1C9F07DB003E0391 /* destination_icon@2x.png */; };
		74B783111C9F6A28003E0391 /* navigate_button@2x.png in Resources */ = {isa = PBXBuildFile; fileRef = 74B783101C9F6A28003E0391 /* navigate_button@2x.png */; };
		74B783131C9F6A2C003E0391 /* directions_button2@2x.png in Resources */ = {isa = PBXBuildFile; fileRef = 74B783121C9F6A2C003E0391 /* directions_button2@2x.png */; };
		74F65EFC1CBBA01F00DE068C /* search@2x.png in Resources */ = {isa = PBXBuildFile; fileRef = 74F65EFB1CBBA01F00DE068C /* search@2x.png */; };
		86FE85D81CCB19FD006F2400 /* MicrosoftAzureMobile.framework in Frameworks */ = {isa = PBXBuildFile; fileRef = 86FE85D71CCB19FD006F2400 /* MicrosoftAzureMobile.framework */; };
		86FE85DA1CCB2CD5006F2400 /* SpeechKit.framework in Frameworks */ = {isa = PBXBuildFile; fileRef = 86FE85D91CCB2CD5006F2400 /* SpeechKit.framework */; };
		B39CE0A51CB20709001EB723 /* AzureDatabase.swift in Sources */ = {isa = PBXBuildFile; fileRef = B39CE0A41CB20709001EB723 /* AzureDatabase.swift */; };
		BE201F261CC4D2BA00A691B5 /* GasFinder.swift in Sources */ = {isa = PBXBuildFile; fileRef = BE201F251CC4D2BA00A691B5 /* GasFinder.swift */; };
		BE6504EC1C88166C00C26AAA /* EventDirectory.swift in Sources */ = {isa = PBXBuildFile; fileRef = BE6504EB1C88166C00C26AAA /* EventDirectory.swift */; };
		BE9B7C191C8D6A5300BB240C /* LocalNotifications.swift in Sources */ = {isa = PBXBuildFile; fileRef = BE9B7C181C8D6A5300BB240C /* LocalNotifications.swift */; };
/* End PBXBuildFile section */

/* Begin PBXFileReference section */
		4058D7172640D24468A6E9E5 /* Pods.release.xcconfig */ = {isa = PBXFileReference; includeInIndex = 1; lastKnownFileType = text.xcconfig; name = Pods.release.xcconfig; path = "CargiApp/Pods/Target Support Files/Pods/Pods.release.xcconfig"; sourceTree = "<group>"; };
		630E54EC1CC4A3DE00D06B6C /* SettingsTableViewCell.swift */ = {isa = PBXFileReference; fileEncoding = 4; lastKnownFileType = sourcecode.swift; name = SettingsTableViewCell.swift; path = Models/SettingsTableViewCell.swift; sourceTree = "<group>"; };
		636E32E01CCBF7A0006D2936 /* callbutton@2x.png */ = {isa = PBXFileReference; lastKnownFileType = image.png; path = "callbutton@2x.png"; sourceTree = "<group>"; };
		636E32E21CCC0039006D2936 /* settingsbutton@2x.png */ = {isa = PBXFileReference; lastKnownFileType = image.png; path = "settingsbutton@2x.png"; sourceTree = "<group>"; };
		636E32E31CCC0039006D2936 /* musicbutton@2x.png */ = {isa = PBXFileReference; lastKnownFileType = image.png; path = "musicbutton@2x.png"; sourceTree = "<group>"; };
		636E32E41CCC0039006D2936 /* textbutton@2x.png */ = {isa = PBXFileReference; lastKnownFileType = image.png; path = "textbutton@2x.png"; sourceTree = "<group>"; };
		63DCE7091CC72B1400925DF6 /* FirstViewController.swift */ = {isa = PBXFileReference; fileEncoding = 4; lastKnownFileType = sourcecode.swift; name = FirstViewController.swift; path = Models/FirstViewController.swift; sourceTree = "<group>"; };
		63DE4E041CC5EFB2002280BA /* radiobutton-unselected@2x.png */ = {isa = PBXFileReference; lastKnownFileType = image.png; path = "radiobutton-unselected@2x.png"; sourceTree = "<group>"; };
		63DE4E061CC5F727002280BA /* SettingsTableViewController.swift */ = {isa = PBXFileReference; fileEncoding = 4; lastKnownFileType = sourcecode.swift; name = SettingsTableViewController.swift; path = Controllers/SettingsTableViewController.swift; sourceTree = "<group>"; };
		63DE4E081CC5FEE6002280BA /* Lato-Regular.ttf */ = {isa = PBXFileReference; lastKnownFileType = file; path = "Lato-Regular.ttf"; sourceTree = "<group>"; };
		63DE4E0A1CC6F3D4002280BA /* SettingsHeaderTableViewCell.swift */ = {isa = PBXFileReference; fileEncoding = 4; lastKnownFileType = sourcecode.swift; name = SettingsHeaderTableViewCell.swift; path = Models/SettingsHeaderTableViewCell.swift; sourceTree = "<group>"; };
		63DE4E0C1CC70844002280BA /* radiobutton-selected@2x.png */ = {isa = PBXFileReference; lastKnownFileType = image.png; path = "radiobutton-selected@2x.png"; sourceTree = "<group>"; };
		74131C461C7FD83A00CBB5F4 /* cargi-padding.png */ = {isa = PBXFileReference; lastKnownFileType = image.png; path = "cargi-padding.png"; sourceTree = "<group>"; };
		74131C481C7FDA3500CBB5F4 /* NavigationViewController.swift */ = {isa = PBXFileReference; fileEncoding = 4; lastKnownFileType = sourcecode.swift; path = NavigationViewController.swift; sourceTree = "<group>"; };
		7417B5471C868A70005357CB /* ContactDirectory.swift */ = {isa = PBXFileReference; fileEncoding = 4; lastKnownFileType = sourcecode.swift; path = ContactDirectory.swift; sourceTree = "<group>"; };
		741CE3781C8D55BF003017CA /* LocationGeocoder.swift */ = {isa = PBXFileReference; fileEncoding = 4; lastKnownFileType = sourcecode.swift; path = LocationGeocoder.swift; sourceTree = "<group>"; };
		747391681CB2267200BE3E78 /* DistanceMatrixTasks.swift */ = {isa = PBXFileReference; fileEncoding = 4; lastKnownFileType = sourcecode.swift; path = DistanceMatrixTasks.swift; sourceTree = "<group>"; };
		747425B51C7FE642006D5F75 /* cargi-square (1).png */ = {isa = PBXFileReference; lastKnownFileType = image.png; path = "cargi-square (1).png"; sourceTree = "<group>"; };
		74962D6D1CD34C090078883B /* refreshbutton@2x.png */ = {isa = PBXFileReference; lastKnownFileType = image.png; path = "refreshbutton@2x.png"; sourceTree = "<group>"; };
		74962D6F1CD34C730078883B /* gasmarker@2x.png */ = {isa = PBXFileReference; lastKnownFileType = image.png; path = "gasmarker@2x.png"; sourceTree = "<group>"; };
		74962D711CD34CF50078883B /* gasbutton@2x.png */ = {isa = PBXFileReference; lastKnownFileType = image.png; path = "gasbutton@2x.png"; sourceTree = "<group>"; };
		74A2E5F31C7FCBC800C468CC /* Cargi.app */ = {isa = PBXFileReference; explicitFileType = wrapper.application; includeInIndex = 0; path = Cargi.app; sourceTree = BUILT_PRODUCTS_DIR; };
		74A2E5F61C7FCBC800C468CC /* AppDelegate.swift */ = {isa = PBXFileReference; lastKnownFileType = sourcecode.swift; path = AppDelegate.swift; sourceTree = "<group>"; };
		74A2E5FB1C7FCBC800C468CC /* Base */ = {isa = PBXFileReference; lastKnownFileType = file.storyboard; name = Base; path = Base.lproj/Main.storyboard; sourceTree = "<group>"; };
		74A2E5FD1C7FCBC800C468CC /* Assets.xcassets */ = {isa = PBXFileReference; lastKnownFileType = folder.assetcatalog; path = Assets.xcassets; sourceTree = "<group>"; };
		74A2E6001C7FCBC800C468CC /* Base */ = {isa = PBXFileReference; lastKnownFileType = file.storyboard; name = Base; path = Base.lproj/LaunchScreen.storyboard; sourceTree = "<group>"; };
		74A2E6021C7FCBC800C468CC /* Info.plist */ = {isa = PBXFileReference; lastKnownFileType = text.plist.xml; path = Info.plist; sourceTree = "<group>"; };
		74A2E6081C7FCD6F00C468CC /* Podfile */ = {isa = PBXFileReference; fileEncoding = 4; lastKnownFileType = text; path = Podfile; sourceTree = "<group>"; xcLanguageSpecificationIdentifier = xcode.lang.ruby; };
		74A3D8E51C9127020053D816 /* calendar-icon@2x.png */ = {isa = PBXFileReference; lastKnownFileType = image.png; path = "calendar-icon@2x.png"; sourceTree = "<group>"; };
		74A3D8E61C9127020053D816 /* call-button@2x.png */ = {isa = PBXFileReference; lastKnownFileType = image.png; path = "call-button@2x.png"; sourceTree = "<group>"; };
		74A3D8E71C9127020053D816 /* close-button-dark@2x.png */ = {isa = PBXFileReference; lastKnownFileType = image.png; path = "close-button-dark@2x.png"; sourceTree = "<group>"; };
		74A3D8E81C9127020053D816 /* close-button-light@2x.png */ = {isa = PBXFileReference; lastKnownFileType = image.png; path = "close-button-light@2x.png"; sourceTree = "<group>"; };
		74A3D8E91C9127020053D816 /* gas-button@2x.png */ = {isa = PBXFileReference; lastKnownFileType = image.png; path = "gas-button@2x.png"; sourceTree = "<group>"; };
		74A3D8EA1C9127020053D816 /* music-button@2x.png */ = {isa = PBXFileReference; lastKnownFileType = image.png; path = "music-button@2x.png"; sourceTree = "<group>"; };
		74A3D8EB1C9127020053D816 /* text-button@2x.png */ = {isa = PBXFileReference; lastKnownFileType = image.png; path = "text-button@2x.png"; sourceTree = "<group>"; };
		74A3D8F31C91523D0053D816 /* launchimage@2x.png */ = {isa = PBXFileReference; lastKnownFileType = image.png; path = "launchimage@2x.png"; sourceTree = "<group>"; };
		74B7830C1C9EDBD7003E0391 /* DirectionTasks.swift */ = {isa = PBXFileReference; fileEncoding = 4; lastKnownFileType = sourcecode.swift; path = DirectionTasks.swift; sourceTree = "<group>"; };
		74B7830E1C9F07DB003E0391 /* destination_icon@2x.png */ = {isa = PBXFileReference; lastKnownFileType = image.png; path = "destination_icon@2x.png"; sourceTree = "<group>"; };
		74B783101C9F6A28003E0391 /* navigate_button@2x.png */ = {isa = PBXFileReference; lastKnownFileType = image.png; path = "navigate_button@2x.png"; sourceTree = "<group>"; };
		74B783121C9F6A2C003E0391 /* directions_button2@2x.png */ = {isa = PBXFileReference; lastKnownFileType = image.png; path = "directions_button2@2x.png"; sourceTree = "<group>"; };
		74F65EFB1CBBA01F00DE068C /* search@2x.png */ = {isa = PBXFileReference; lastKnownFileType = image.png; path = "search@2x.png"; sourceTree = "<group>"; };
		86FE85D71CCB19FD006F2400 /* MicrosoftAzureMobile.framework */ = {isa = PBXFileReference; lastKnownFileType = wrapper.framework; name = MicrosoftAzureMobile.framework; path = CargiApp/Frameworks/MicrosoftAzureMobile.framework; sourceTree = "<group>"; };
		86FE85D91CCB2CD5006F2400 /* SpeechKit.framework */ = {isa = PBXFileReference; lastKnownFileType = wrapper.framework; name = SpeechKit.framework; path = CargiApp/Frameworks/SpeechKit.framework; sourceTree = "<group>"; };
		88F9FD606E2E2A74FFAEBE36 /* Pods.debug.xcconfig */ = {isa = PBXFileReference; includeInIndex = 1; lastKnownFileType = text.xcconfig; name = Pods.debug.xcconfig; path = "CargiApp/Pods/Target Support Files/Pods/Pods.debug.xcconfig"; sourceTree = "<group>"; };
		A44D8D9CE1E4323107188D46 /* libPods.a */ = {isa = PBXFileReference; explicitFileType = archive.ar; includeInIndex = 0; path = libPods.a; sourceTree = BUILT_PRODUCTS_DIR; };
		B39CE0A31CB205E0001EB723 /* CargiApp-Bridging-Header.h */ = {isa = PBXFileReference; lastKnownFileType = sourcecode.c.h; path = "CargiApp-Bridging-Header.h"; sourceTree = "<group>"; };
		B39CE0A41CB20709001EB723 /* AzureDatabase.swift */ = {isa = PBXFileReference; fileEncoding = 4; lastKnownFileType = sourcecode.swift; path = AzureDatabase.swift; sourceTree = "<group>"; };
		BE201F251CC4D2BA00A691B5 /* GasFinder.swift */ = {isa = PBXFileReference; fileEncoding = 4; lastKnownFileType = sourcecode.swift; path = GasFinder.swift; sourceTree = "<group>"; };
		BE6504EB1C88166C00C26AAA /* EventDirectory.swift */ = {isa = PBXFileReference; fileEncoding = 4; lastKnownFileType = sourcecode.swift; path = EventDirectory.swift; sourceTree = "<group>"; };
		BE9B7C181C8D6A5300BB240C /* LocalNotifications.swift */ = {isa = PBXFileReference; fileEncoding = 4; lastKnownFileType = sourcecode.swift; path = LocalNotifications.swift; sourceTree = "<group>"; };
/* End PBXFileReference section */

/* Begin PBXFrameworksBuildPhase section */
		74A2E5F01C7FCBC800C468CC /* Frameworks */ = {
			isa = PBXFrameworksBuildPhase;
			buildActionMask = 2147483647;
			files = (
				86FE85DA1CCB2CD5006F2400 /* SpeechKit.framework in Frameworks */,
				86FE85D81CCB19FD006F2400 /* MicrosoftAzureMobile.framework in Frameworks */,
				407A10860F4D7B4F679B72CE /* libPods.a in Frameworks */,
			);
			runOnlyForDeploymentPostprocessing = 0;
		};
/* End PBXFrameworksBuildPhase section */

/* Begin PBXGroup section */
		55F4FEC86663CC9A928EF540 /* Frameworks */ = {
			isa = PBXGroup;
			children = (
				86FE85D91CCB2CD5006F2400 /* SpeechKit.framework */,
				86FE85D71CCB19FD006F2400 /* MicrosoftAzureMobile.framework */,
				A44D8D9CE1E4323107188D46 /* libPods.a */,
			);
			name = Frameworks;
			sourceTree = "<group>";
		};
		66FB3F9533D9AEFCD61B5EF1 /* Pods */ = {
			isa = PBXGroup;
			children = (
				88F9FD606E2E2A74FFAEBE36 /* Pods.debug.xcconfig */,
				4058D7172640D24468A6E9E5 /* Pods.release.xcconfig */,
			);
			name = Pods;
			sourceTree = "<group>";
		};
		74131C451C7FD81E00CBB5F4 /* src */ = {
			isa = PBXGroup;
			children = (
				63DE4E081CC5FEE6002280BA /* Lato-Regular.ttf */,
				74FBD3241C97D8D400D8B2AD /* Images */,
				74FBD3231C97D8B500D8B2AD /* Icons */,
			);
			name = src;
			sourceTree = "<group>";
		};
		74A2E5EA1C7FCBC800C468CC = {
			isa = PBXGroup;
			children = (
				B39CE0A31CB205E0001EB723 /* CargiApp-Bridging-Header.h */,
				74A2E5F51C7FCBC800C468CC /* CargiApp */,
				74A2E5F41C7FCBC800C468CC /* Products */,
				66FB3F9533D9AEFCD61B5EF1 /* Pods */,
				55F4FEC86663CC9A928EF540 /* Frameworks */,
			);
			sourceTree = "<group>";
		};
		74A2E5F41C7FCBC800C468CC /* Products */ = {
			isa = PBXGroup;
			children = (
				74A2E5F31C7FCBC800C468CC /* Cargi.app */,
			);
			name = Products;
			sourceTree = "<group>";
		};
		74A2E5F51C7FCBC800C468CC /* CargiApp */ = {
			isa = PBXGroup;
			children = (
				74A2E5F61C7FCBC800C468CC /* AppDelegate.swift */,
				74FBD3221C97D76E00D8B2AD /* Models */,
				74FBD3211C97D76300D8B2AD /* Controllers */,
				630E54EC1CC4A3DE00D06B6C /* SettingsTableViewCell.swift */,
				74A2E5FA1C7FCBC800C468CC /* Main.storyboard */,
				63DCE7091CC72B1400925DF6 /* FirstViewController.swift */,
				63DE4E0A1CC6F3D4002280BA /* SettingsHeaderTableViewCell.swift */,
				63DE4E061CC5F727002280BA /* SettingsTableViewController.swift */,
				74A2E6081C7FCD6F00C468CC /* Podfile */,
				74A2E5FD1C7FCBC800C468CC /* Assets.xcassets */,
				74A2E5FF1C7FCBC800C468CC /* LaunchScreen.storyboard */,
				74A2E6021C7FCBC800C468CC /* Info.plist */,
				74131C451C7FD81E00CBB5F4 /* src */,
			);
			path = CargiApp;
			sourceTree = "<group>";
		};
		74FBD3211C97D76300D8B2AD /* Controllers */ = {
			isa = PBXGroup;
			children = (
				74131C481C7FDA3500CBB5F4 /* NavigationViewController.swift */,
			);
			path = Controllers;
			sourceTree = "<group>";
		};
		74FBD3221C97D76E00D8B2AD /* Models */ = {
			isa = PBXGroup;
			children = (
				BE9B7C181C8D6A5300BB240C /* LocalNotifications.swift */,
				74B7830C1C9EDBD7003E0391 /* DirectionTasks.swift */,
				747391681CB2267200BE3E78 /* DistanceMatrixTasks.swift */,
				BE6504EB1C88166C00C26AAA /* EventDirectory.swift */,
				741CE3781C8D55BF003017CA /* LocationGeocoder.swift */,
				7417B5471C868A70005357CB /* ContactDirectory.swift */,
				B39CE0A41CB20709001EB723 /* AzureDatabase.swift */,
				BE201F251CC4D2BA00A691B5 /* GasFinder.swift */,
			);
			path = Models;
			sourceTree = "<group>";
		};
		74FBD3231C97D8B500D8B2AD /* Icons */ = {
			isa = PBXGroup;
			children = (
				63DE4E0C1CC70844002280BA /* radiobutton-selected@2x.png */,
				63DE4E041CC5EFB2002280BA /* radiobutton-unselected@2x.png */,
				74A3D8E51C9127020053D816 /* calendar-icon@2x.png */,
				74B7830E1C9F07DB003E0391 /* destination_icon@2x.png */,
				74A3D8E61C9127020053D816 /* call-button@2x.png */,
				74B783101C9F6A28003E0391 /* navigate_button@2x.png */,
				74962D711CD34CF50078883B /* gasbutton@2x.png */,
				74962D6F1CD34C730078883B /* gasmarker@2x.png */,
				74962D6D1CD34C090078883B /* refreshbutton@2x.png */,
				636E32E21CCC0039006D2936 /* settingsbutton@2x.png */,
				636E32E31CCC0039006D2936 /* musicbutton@2x.png */,
				636E32E41CCC0039006D2936 /* textbutton@2x.png */,
				74B783121C9F6A2C003E0391 /* directions_button2@2x.png */,
				74A3D8E71C9127020053D816 /* close-button-dark@2x.png */,
				74F65EFB1CBBA01F00DE068C /* search@2x.png */,
				74A3D8E81C9127020053D816 /* close-button-light@2x.png */,
				636E32E01CCBF7A0006D2936 /* callbutton@2x.png */,
				74A3D8E91C9127020053D816 /* gas-button@2x.png */,
				74A3D8EA1C9127020053D816 /* music-button@2x.png */,
				74A3D8EB1C9127020053D816 /* text-button@2x.png */,
			);
			path = Icons;
			sourceTree = "<group>";
		};
		74FBD3241C97D8D400D8B2AD /* Images */ = {
			isa = PBXGroup;
			children = (
				74A3D8F31C91523D0053D816 /* launchimage@2x.png */,
				74131C461C7FD83A00CBB5F4 /* cargi-padding.png */,
				747425B51C7FE642006D5F75 /* cargi-square (1).png */,
			);
			path = Images;
			sourceTree = "<group>";
		};
/* End PBXGroup section */

/* Begin PBXNativeTarget section */
		74A2E5F21C7FCBC800C468CC /* Cargi */ = {
			isa = PBXNativeTarget;
			buildConfigurationList = 74A2E6051C7FCBC800C468CC /* Build configuration list for PBXNativeTarget "Cargi" */;
			buildPhases = (
				B173F8E02A152F1D89805A59 /* Check Pods Manifest.lock */,
				74A2E5EF1C7FCBC800C468CC /* Sources */,
				74A2E5F01C7FCBC800C468CC /* Frameworks */,
				74A2E5F11C7FCBC800C468CC /* Resources */,
				F5E47CDA0147D94311F6C025 /* Copy Pods Resources */,
			);
			buildRules = (
			);
			dependencies = (
			);
			name = Cargi;
			productName = CargiApp;
			productReference = 74A2E5F31C7FCBC800C468CC /* Cargi.app */;
			productType = "com.apple.product-type.application";
		};
/* End PBXNativeTarget section */

/* Begin PBXProject section */
		74A2E5EB1C7FCBC800C468CC /* Project object */ = {
			isa = PBXProject;
			attributes = {
				LastSwiftMigration = 0700;
				LastSwiftUpdateCheck = 0700;
				LastUpgradeCheck = 0700;
				ORGANIZATIONNAME = Cargi;
				TargetAttributes = {
					74A2E5F21C7FCBC800C468CC = {
						CreatedOnToolsVersion = 7.0.1;
						DevelopmentTeam = 44NW45N853;
					};
				};
			};
			buildConfigurationList = 74A2E5EE1C7FCBC800C468CC /* Build configuration list for PBXProject "Cargi" */;
			compatibilityVersion = "Xcode 3.2";
			developmentRegion = English;
			hasScannedForEncodings = 0;
			knownRegions = (
				en,
				Base,
			);
			mainGroup = 74A2E5EA1C7FCBC800C468CC;
			productRefGroup = 74A2E5F41C7FCBC800C468CC /* Products */;
			projectDirPath = "";
			projectRoot = "";
			targets = (
				74A2E5F21C7FCBC800C468CC /* Cargi */,
			);
		};
/* End PBXProject section */

/* Begin PBXResourcesBuildPhase section */
		74A2E5F11C7FCBC800C468CC /* Resources */ = {
			isa = PBXResourcesBuildPhase;
			buildActionMask = 2147483647;
			files = (
				74A2E6011C7FCBC800C468CC /* LaunchScreen.storyboard in Resources */,
				636E32E11CCBF7A0006D2936 /* callbutton@2x.png in Resources */,
				74B783131C9F6A2C003E0391 /* directions_button2@2x.png in Resources */,
				74131C471C7FD83A00CBB5F4 /* cargi-padding.png in Resources */,
				63DE4E091CC5FEE6002280BA /* Lato-Regular.ttf in Resources */,
				74A2E5FE1C7FCBC800C468CC /* Assets.xcassets in Resources */,
				747425B61C7FE642006D5F75 /* cargi-square (1).png in Resources */,
				74A3D8F01C9127020053D816 /* gas-button@2x.png in Resources */,
				74A2E6091C7FCD6F00C468CC /* Podfile in Resources */,
				74B783111C9F6A28003E0391 /* navigate_button@2x.png in Resources */,
				74962D6E1CD34C090078883B /* refreshbutton@2x.png in Resources */,
				74A3D8EE1C9127020053D816 /* close-button-dark@2x.png in Resources */,
				63DE4E0D1CC70844002280BA /* radiobutton-selected@2x.png in Resources */,
				636E32E71CCC0039006D2936 /* textbutton@2x.png in Resources */,
				63DE4E051CC5EFB2002280BA /* radiobutton-unselected@2x.png in Resources */,
				74A3D8F41C91523D0053D816 /* launchimage@2x.png in Resources */,
				74962D721CD34CF50078883B /* gasbutton@2x.png in Resources */,
				636E32E51CCC0039006D2936 /* settingsbutton@2x.png in Resources */,
				74A3D8F11C9127020053D816 /* music-button@2x.png in Resources */,
				74A3D8ED1C9127020053D816 /* call-button@2x.png in Resources */,
				74A3D8EF1C9127020053D816 /* close-button-light@2x.png in Resources */,
				74962D701CD34C730078883B /* gasmarker@2x.png in Resources */,
				74A3D8F21C9127020053D816 /* text-button@2x.png in Resources */,
				74A2E5FC1C7FCBC800C468CC /* Main.storyboard in Resources */,
				636E32E61CCC0039006D2936 /* musicbutton@2x.png in Resources */,
				74B7830F1C9F07DB003E0391 /* destination_icon@2x.png in Resources */,
				74F65EFC1CBBA01F00DE068C /* search@2x.png in Resources */,
				74A3D8EC1C9127020053D816 /* calendar-icon@2x.png in Resources */,
			);
			runOnlyForDeploymentPostprocessing = 0;
		};
/* End PBXResourcesBuildPhase section */

/* Begin PBXShellScriptBuildPhase section */
		B173F8E02A152F1D89805A59 /* Check Pods Manifest.lock */ = {
			isa = PBXShellScriptBuildPhase;
			buildActionMask = 2147483647;
			files = (
			);
			inputPaths = (
			);
			name = "Check Pods Manifest.lock";
			outputPaths = (
			);
			runOnlyForDeploymentPostprocessing = 0;
			shellPath = /bin/sh;
			shellScript = "diff \"${PODS_ROOT}/../Podfile.lock\" \"${PODS_ROOT}/Manifest.lock\" > /dev/null\nif [[ $? != 0 ]] ; then\n    cat << EOM\nerror: The sandbox is not in sync with the Podfile.lock. Run 'pod install' or update your CocoaPods installation.\nEOM\n    exit 1\nfi\n";
			showEnvVarsInLog = 0;
		};
		F5E47CDA0147D94311F6C025 /* Copy Pods Resources */ = {
			isa = PBXShellScriptBuildPhase;
			buildActionMask = 2147483647;
			files = (
			);
			inputPaths = (
			);
			name = "Copy Pods Resources";
			outputPaths = (
			);
			runOnlyForDeploymentPostprocessing = 0;
			shellPath = /bin/sh;
			shellScript = "\"${SRCROOT}/CargiApp/Pods/Target Support Files/Pods/Pods-resources.sh\"\n";
			showEnvVarsInLog = 0;
		};
/* End PBXShellScriptBuildPhase section */

/* Begin PBXSourcesBuildPhase section */
		74A2E5EF1C7FCBC800C468CC /* Sources */ = {
			isa = PBXSourcesBuildPhase;
			buildActionMask = 2147483647;
			files = (
				BE9B7C191C8D6A5300BB240C /* LocalNotifications.swift in Sources */,
				7417B5481C868A70005357CB /* ContactDirectory.swift in Sources */,
				B39CE0A51CB20709001EB723 /* AzureDatabase.swift in Sources */,
				74131C491C7FDA3500CBB5F4 /* NavigationViewController.swift in Sources */,
				74A2E5F71C7FCBC800C468CC /* AppDelegate.swift in Sources */,
				741CE3791C8D55BF003017CA /* LocationGeocoder.swift in Sources */,
				747391691CB2267200BE3E78 /* DistanceMatrixTasks.swift in Sources */,
				74B7830D1C9EDBD7003E0391 /* DirectionTasks.swift in Sources */,
				63DE4E071CC5F727002280BA /* SettingsTableViewController.swift in Sources */,
				63DE4E0B1CC6F3D4002280BA /* SettingsHeaderTableViewCell.swift in Sources */,
				BE201F261CC4D2BA00A691B5 /* GasFinder.swift in Sources */,
				630E54ED1CC4A3DE00D06B6C /* SettingsTableViewCell.swift in Sources */,
				BE6504EC1C88166C00C26AAA /* EventDirectory.swift in Sources */,
				63DCE70A1CC72B1400925DF6 /* FirstViewController.swift in Sources */,
			);
			runOnlyForDeploymentPostprocessing = 0;
		};
/* End PBXSourcesBuildPhase section */

/* Begin PBXVariantGroup section */
		74A2E5FA1C7FCBC800C468CC /* Main.storyboard */ = {
			isa = PBXVariantGroup;
			children = (
				74A2E5FB1C7FCBC800C468CC /* Base */,
			);
			name = Main.storyboard;
			sourceTree = "<group>";
		};
		74A2E5FF1C7FCBC800C468CC /* LaunchScreen.storyboard */ = {
			isa = PBXVariantGroup;
			children = (
				74A2E6001C7FCBC800C468CC /* Base */,
			);
			name = LaunchScreen.storyboard;
			sourceTree = "<group>";
		};
/* End PBXVariantGroup section */

/* Begin XCBuildConfiguration section */
		74A2E6031C7FCBC800C468CC /* Debug */ = {
			isa = XCBuildConfiguration;
			buildSettings = {
				ALWAYS_SEARCH_USER_PATHS = NO;
				CLANG_CXX_LANGUAGE_STANDARD = "gnu++0x";
				CLANG_CXX_LIBRARY = "libc++";
				CLANG_ENABLE_MODULES = YES;
				CLANG_ENABLE_OBJC_ARC = YES;
				CLANG_WARN_BOOL_CONVERSION = YES;
				CLANG_WARN_CONSTANT_CONVERSION = YES;
				CLANG_WARN_DIRECT_OBJC_ISA_USAGE = YES_ERROR;
				CLANG_WARN_EMPTY_BODY = YES;
				CLANG_WARN_ENUM_CONVERSION = YES;
				CLANG_WARN_INT_CONVERSION = YES;
				CLANG_WARN_OBJC_ROOT_CLASS = YES_ERROR;
				CLANG_WARN_UNREACHABLE_CODE = YES;
				CLANG_WARN__DUPLICATE_METHOD_MATCH = YES;
				"CODE_SIGN_IDENTITY[sdk=iphoneos*]" = "iPhone Developer";
				COPY_PHASE_STRIP = NO;
				DEBUG_INFORMATION_FORMAT = dwarf;
				ENABLE_STRICT_OBJC_MSGSEND = YES;
				ENABLE_TESTABILITY = YES;
				GCC_C_LANGUAGE_STANDARD = gnu99;
				GCC_DYNAMIC_NO_PIC = NO;
				GCC_NO_COMMON_BLOCKS = YES;
				GCC_OPTIMIZATION_LEVEL = 0;
				GCC_PREPROCESSOR_DEFINITIONS = (
					"DEBUG=1",
					"$(inherited)",
				);
				GCC_WARN_64_TO_32_BIT_CONVERSION = YES;
				GCC_WARN_ABOUT_RETURN_TYPE = YES_ERROR;
				GCC_WARN_UNDECLARED_SELECTOR = YES;
				GCC_WARN_UNINITIALIZED_AUTOS = YES_AGGRESSIVE;
				GCC_WARN_UNUSED_FUNCTION = YES;
				GCC_WARN_UNUSED_VARIABLE = YES;
				IPHONEOS_DEPLOYMENT_TARGET = 9.0;
				MTL_ENABLE_DEBUG_INFO = YES;
				ONLY_ACTIVE_ARCH = YES;
				SDKROOT = iphoneos;
				SWIFT_OPTIMIZATION_LEVEL = "-Onone";
				TARGETED_DEVICE_FAMILY = "1,2";
			};
			name = Debug;
		};
		74A2E6041C7FCBC800C468CC /* Release */ = {
			isa = XCBuildConfiguration;
			buildSettings = {
				ALWAYS_SEARCH_USER_PATHS = NO;
				CLANG_CXX_LANGUAGE_STANDARD = "gnu++0x";
				CLANG_CXX_LIBRARY = "libc++";
				CLANG_ENABLE_MODULES = YES;
				CLANG_ENABLE_OBJC_ARC = YES;
				CLANG_WARN_BOOL_CONVERSION = YES;
				CLANG_WARN_CONSTANT_CONVERSION = YES;
				CLANG_WARN_DIRECT_OBJC_ISA_USAGE = YES_ERROR;
				CLANG_WARN_EMPTY_BODY = YES;
				CLANG_WARN_ENUM_CONVERSION = YES;
				CLANG_WARN_INT_CONVERSION = YES;
				CLANG_WARN_OBJC_ROOT_CLASS = YES_ERROR;
				CLANG_WARN_UNREACHABLE_CODE = YES;
				CLANG_WARN__DUPLICATE_METHOD_MATCH = YES;
				"CODE_SIGN_IDENTITY[sdk=iphoneos*]" = "iPhone Developer";
				COPY_PHASE_STRIP = NO;
				DEBUG_INFORMATION_FORMAT = "dwarf-with-dsym";
				ENABLE_NS_ASSERTIONS = NO;
				ENABLE_STRICT_OBJC_MSGSEND = YES;
				GCC_C_LANGUAGE_STANDARD = gnu99;
				GCC_NO_COMMON_BLOCKS = YES;
				GCC_WARN_64_TO_32_BIT_CONVERSION = YES;
				GCC_WARN_ABOUT_RETURN_TYPE = YES_ERROR;
				GCC_WARN_UNDECLARED_SELECTOR = YES;
				GCC_WARN_UNINITIALIZED_AUTOS = YES_AGGRESSIVE;
				GCC_WARN_UNUSED_FUNCTION = YES;
				GCC_WARN_UNUSED_VARIABLE = YES;
				IPHONEOS_DEPLOYMENT_TARGET = 9.0;
				MTL_ENABLE_DEBUG_INFO = NO;
				SDKROOT = iphoneos;
				TARGETED_DEVICE_FAMILY = "1,2";
				VALIDATE_PRODUCT = YES;
			};
			name = Release;
		};
		74A2E6061C7FCBC800C468CC /* Debug */ = {
			isa = XCBuildConfiguration;
			baseConfigurationReference = 88F9FD606E2E2A74FFAEBE36 /* Pods.debug.xcconfig */;
			buildSettings = {
				ASSETCATALOG_COMPILER_APPICON_NAME = AppIcon;
				CODE_SIGN_IDENTITY = "iPhone Developer";
				"CODE_SIGN_IDENTITY[sdk=iphoneos*]" = "iPhone Developer";
				FRAMEWORK_SEARCH_PATHS = (
					"$(inherited)",
					"$(PROJECT_DIR)",
					"$(PROJECT_DIR)/CargiApp/Frameworks",
				);
				INFOPLIST_FILE = CargiApp/Info.plist;
				LD_RUNPATH_SEARCH_PATHS = "$(inherited) @executable_path/Frameworks";
				LIBRARY_SEARCH_PATHS = (
					"$(inherited)",
					"$(PROJECT_DIR)",
				);
				PRODUCT_BUNDLE_IDENTIFIER = co.cargi.AppCargi;
				PRODUCT_NAME = Cargi;
				PROVISIONING_PROFILE = "";
				SWIFT_OBJC_BRIDGING_HEADER = "CargiApp-Bridging-Header.h";
			};
			name = Debug;
		};
		74A2E6071C7FCBC800C468CC /* Release */ = {
			isa = XCBuildConfiguration;
			baseConfigurationReference = 4058D7172640D24468A6E9E5 /* Pods.release.xcconfig */;
			buildSettings = {
				ASSETCATALOG_COMPILER_APPICON_NAME = AppIcon;
				CODE_SIGN_IDENTITY = "iPhone Developer";
				"CODE_SIGN_IDENTITY[sdk=iphoneos*]" = "iPhone Developer";
				FRAMEWORK_SEARCH_PATHS = (
					"$(inherited)",
					"$(PROJECT_DIR)",
					"$(PROJECT_DIR)/CargiApp/Frameworks",
				);
				INFOPLIST_FILE = CargiApp/Info.plist;
				LD_RUNPATH_SEARCH_PATHS = "$(inherited) @executable_path/Frameworks";
				LIBRARY_SEARCH_PATHS = (
					"$(inherited)",
					"$(PROJECT_DIR)",
				);
				PRODUCT_BUNDLE_IDENTIFIER = co.cargi.AppCargi;
				PRODUCT_NAME = Cargi;
				PROVISIONING_PROFILE = "";
				SWIFT_OBJC_BRIDGING_HEADER = "CargiApp-Bridging-Header.h";
			};
			name = Release;
		};
/* End XCBuildConfiguration section */

/* Begin XCConfigurationList section */
		74A2E5EE1C7FCBC800C468CC /* Build configuration list for PBXProject "Cargi" */ = {
			isa = XCConfigurationList;
			buildConfigurations = (
				74A2E6031C7FCBC800C468CC /* Debug */,
				74A2E6041C7FCBC800C468CC /* Release */,
			);
			defaultConfigurationIsVisible = 0;
			defaultConfigurationName = Release;
		};
		74A2E6051C7FCBC800C468CC /* Build configuration list for PBXNativeTarget "Cargi" */ = {
			isa = XCConfigurationList;
			buildConfigurations = (
				74A2E6061C7FCBC800C468CC /* Debug */,
				74A2E6071C7FCBC800C468CC /* Release */,
			);
			defaultConfigurationIsVisible = 0;
			defaultConfigurationName = Release;
		};
/* End XCConfigurationList section */
	};
	rootObject = 74A2E5EB1C7FCBC800C468CC /* Project object */;
}
